
Microsoft Visual Studio Solution File, Format Version 12.00
# Visual Studio Version 17
VisualStudioVersion = 17.9.34728.123
MinimumVisualStudioVersion = 10.0.40219.1
Project("{FAE04EC0-301F-11D3-BF4B-00C04F79EFBC}") = "Gym_System", "Gym_System\Gym_System.csproj", "{EC7480C7-1EA7-4E60-9168-1532C295050D}"
EndProject
Global
	GlobalSection(SolutionConfigurationPlatforms) = preSolution
		Debug|Any CPU = Debug|Any CPU
		Release|Any CPU = Release|Any CPU
	EndGlobalSection
	GlobalSection(ProjectConfigurationPlatforms) = postSolution
		{EC7480C7-1EA7-4E60-9168-1532C295050D}.Debug|Any CPU.ActiveCfg = Debug|Any CPU
		{EC7480C7-1EA7-4E60-9168-1532C295050D}.Debug|Any CPU.Build.0 = Debug|Any CPU
		{EC7480C7-1EA7-4E60-9168-1532C295050D}.Release|Any CPU.ActiveCfg = Release|Any CPU
		{EC7480C7-1EA7-4E60-9168-1532C295050D}.Release|Any CPU.Build.0 = Release|Any CPU
	EndGlobalSection
	GlobalSection(SolutionProperties) = preSolution
		HideSolutionNode = FALSE
	EndGlobalSection
	GlobalSection(ExtensibilityGlobals) = postSolution
		SolutionGuid = {C8DA2A38-9059-4FD6-A037-6535C8AF56E9}
	EndGlobalSection
EndGlobal
